// !$*UTF8*$!
{
	archiveVersion = 1;
	classes = {
	};
	objectVersion = 46;
	objects = {

/* Begin PBXBuildFile section */
		116D6AA41DD06B3C005A82E4 /* main.m in Sources */ = {isa = PBXBuildFile; fileRef = 116D6AA31DD06B3C005A82E4 /* main.m */; };
		116D6AA71DD06B3C005A82E4 /* AppDelegate.m in Sources */ = {isa = PBXBuildFile; fileRef = 116D6AA61DD06B3C005A82E4 /* AppDelegate.m */; };
		116D6AAD1DD06B3C005A82E4 /* Main.storyboard in Resources */ = {isa = PBXBuildFile; fileRef = 116D6AAB1DD06B3C005A82E4 /* Main.storyboard */; };
		116D6AAF1DD06B3C005A82E4 /* Assets.xcassets in Resources */ = {isa = PBXBuildFile; fileRef = 116D6AAE1DD06B3C005A82E4 /* Assets.xcassets */; };
		116D6AB21DD06B3C005A82E4 /* LaunchScreen.storyboard in Resources */ = {isa = PBXBuildFile; fileRef = 116D6AB01DD06B3C005A82E4 /* LaunchScreen.storyboard */; };
		116D6ABD1DD06B3D005A82E4 /* Web_SpiderTests.m in Sources */ = {isa = PBXBuildFile; fileRef = 116D6ABC1DD06B3D005A82E4 /* Web_SpiderTests.m */; };
		116D6AC91DD06DA5005A82E4 /* WSSearchPageViewController.m in Sources */ = {isa = PBXBuildFile; fileRef = 116D6AC81DD06DA5005A82E4 /* WSSearchPageViewController.m */; };
		116D6ACC1DD07FC1005A82E4 /* WSURL.m in Sources */ = {isa = PBXBuildFile; fileRef = 116D6ACB1DD07FC1005A82E4 /* WSURL.m */; };
		116D6ACF1DD096AB005A82E4 /* WSRequestOperation.m in Sources */ = {isa = PBXBuildFile; fileRef = 116D6ACE1DD096AB005A82E4 /* WSRequestOperation.m */; };
		116D6AD21DD0AF0C005A82E4 /* WSSettings.m in Sources */ = {isa = PBXBuildFile; fileRef = 116D6AD11DD0AF0C005A82E4 /* WSSettings.m */; };
/* End PBXBuildFile section */

/* Begin PBXContainerItemProxy section */
		116D6AB91DD06B3D005A82E4 /* PBXContainerItemProxy */ = {
			isa = PBXContainerItemProxy;
			containerPortal = 116D6A971DD06B3C005A82E4 /* Project object */;
			proxyType = 1;
			remoteGlobalIDString = 116D6A9E1DD06B3C005A82E4;
			remoteInfo = "Web Spider";
		};
/* End PBXContainerItemProxy section */

/* Begin PBXFileReference section */
		116D6A9F1DD06B3C005A82E4 /* Web Spider.app */ = {isa = PBXFileReference; explicitFileType = wrapper.application; includeInIndex = 0; path = "Web Spider.app"; sourceTree = BUILT_PRODUCTS_DIR; };
		116D6AA31DD06B3C005A82E4 /* main.m */ = {isa = PBXFileReference; lastKnownFileType = sourcecode.c.objc; path = main.m; sourceTree = "<group>"; };
		116D6AA51DD06B3C005A82E4 /* AppDelegate.h */ = {isa = PBXFileReference; lastKnownFileType = sourcecode.c.h; path = AppDelegate.h; sourceTree = "<group>"; };
		116D6AA61DD06B3C005A82E4 /* AppDelegate.m */ = {isa = PBXFileReference; lastKnownFileType = sourcecode.c.objc; path = AppDelegate.m; sourceTree = "<group>"; };
		116D6AAC1DD06B3C005A82E4 /* Base */ = {isa = PBXFileReference; lastKnownFileType = file.storyboard; name = Base; path = Base.lproj/Main.storyboard; sourceTree = "<group>"; };
		116D6AAE1DD06B3C005A82E4 /* Assets.xcassets */ = {isa = PBXFileReference; lastKnownFileType = folder.assetcatalog; path = Assets.xcassets; sourceTree = "<group>"; };
		116D6AB11DD06B3C005A82E4 /* Base */ = {isa = PBXFileReference; lastKnownFileType = file.storyboard; name = Base; path = Base.lproj/LaunchScreen.storyboard; sourceTree = "<group>"; };
		116D6AB31DD06B3C005A82E4 /* Info.plist */ = {isa = PBXFileReference; lastKnownFileType = text.plist.xml; path = Info.plist; sourceTree = "<group>"; };
		116D6AB81DD06B3D005A82E4 /* Web SpiderTests.xctest */ = {isa = PBXFileReference; explicitFileType = wrapper.cfbundle; includeInIndex = 0; path = "Web SpiderTests.xctest"; sourceTree = BUILT_PRODUCTS_DIR; };
		116D6ABC1DD06B3D005A82E4 /* Web_SpiderTests.m */ = {isa = PBXFileReference; lastKnownFileType = sourcecode.c.objc; path = Web_SpiderTests.m; sourceTree = "<group>"; };
		116D6ABE1DD06B3D005A82E4 /* Info.plist */ = {isa = PBXFileReference; lastKnownFileType = text.plist.xml; path = Info.plist; sourceTree = "<group>"; };
		116D6AC71DD06DA5005A82E4 /* WSSearchPageViewController.h */ = {isa = PBXFileReference; fileEncoding = 4; lastKnownFileType = sourcecode.c.h; path = WSSearchPageViewController.h; sourceTree = "<group>"; };
		116D6AC81DD06DA5005A82E4 /* WSSearchPageViewController.m */ = {isa = PBXFileReference; fileEncoding = 4; lastKnownFileType = sourcecode.c.objc; path = WSSearchPageViewController.m; sourceTree = "<group>"; };
		116D6ACA1DD07FC1005A82E4 /* WSURL.h */ = {isa = PBXFileReference; fileEncoding = 4; lastKnownFileType = sourcecode.c.h; path = WSURL.h; sourceTree = "<group>"; };
		116D6ACB1DD07FC1005A82E4 /* WSURL.m */ = {isa = PBXFileReference; fileEncoding = 4; lastKnownFileType = sourcecode.c.objc; path = WSURL.m; sourceTree = "<group>"; };
		116D6ACD1DD096AB005A82E4 /* WSRequestOperation.h */ = {isa = PBXFileReference; fileEncoding = 4; lastKnownFileType = sourcecode.c.h; path = WSRequestOperation.h; sourceTree = "<group>"; };
		116D6ACE1DD096AB005A82E4 /* WSRequestOperation.m */ = {isa = PBXFileReference; fileEncoding = 4; lastKnownFileType = sourcecode.c.objc; path = WSRequestOperation.m; sourceTree = "<group>"; };
		116D6AD01DD0AF0C005A82E4 /* WSSettings.h */ = {isa = PBXFileReference; fileEncoding = 4; lastKnownFileType = sourcecode.c.h; path = WSSettings.h; sourceTree = "<group>"; };
		116D6AD11DD0AF0C005A82E4 /* WSSettings.m */ = {isa = PBXFileReference; fileEncoding = 4; lastKnownFileType = sourcecode.c.objc; path = WSSettings.m; sourceTree = "<group>"; };
/* End PBXFileReference section */

/* Begin PBXFrameworksBuildPhase section */
		116D6A9C1DD06B3C005A82E4 /* Frameworks */ = {
			isa = PBXFrameworksBuildPhase;
			buildActionMask = 2147483647;
			files = (
			);
			runOnlyForDeploymentPostprocessing = 0;
		};
		116D6AB51DD06B3D005A82E4 /* Frameworks */ = {
			isa = PBXFrameworksBuildPhase;
			buildActionMask = 2147483647;
			files = (
			);
			runOnlyForDeploymentPostprocessing = 0;
		};
/* End PBXFrameworksBuildPhase section */

/* Begin PBXGroup section */
		116D6A961DD06B3C005A82E4 = {
			isa = PBXGroup;
			children = (
				116D6AA11DD06B3C005A82E4 /* Web Spider */,
				116D6ABB1DD06B3D005A82E4 /* Web SpiderTests */,
				116D6AA01DD06B3C005A82E4 /* Products */,
			);
			sourceTree = "<group>";
		};
		116D6AA01DD06B3C005A82E4 /* Products */ = {
			isa = PBXGroup;
			children = (
				116D6A9F1DD06B3C005A82E4 /* Web Spider.app */,
				116D6AB81DD06B3D005A82E4 /* Web SpiderTests.xctest */,
			);
			name = Products;
			sourceTree = "<group>";
		};
		116D6AA11DD06B3C005A82E4 /* Web Spider */ = {
			isa = PBXGroup;
			children = (
				116D6AA51DD06B3C005A82E4 /* AppDelegate.h */,
				116D6AA61DD06B3C005A82E4 /* AppDelegate.m */,
				116D6AAB1DD06B3C005A82E4 /* Main.storyboard */,
				116D6AAE1DD06B3C005A82E4 /* Assets.xcassets */,
				116D6AB01DD06B3C005A82E4 /* LaunchScreen.storyboard */,
				116D6AB31DD06B3C005A82E4 /* Info.plist */,
				116D6AA21DD06B3C005A82E4 /* Supporting Files */,
				116D6AC71DD06DA5005A82E4 /* WSSearchPageViewController.h */,
				116D6AC81DD06DA5005A82E4 /* WSSearchPageViewController.m */,
				116D6ACA1DD07FC1005A82E4 /* WSURL.h */,
				116D6ACB1DD07FC1005A82E4 /* WSURL.m */,
				116D6ACD1DD096AB005A82E4 /* WSRequestOperation.h */,
				116D6ACE1DD096AB005A82E4 /* WSRequestOperation.m */,
				116D6AD01DD0AF0C005A82E4 /* WSSettings.h */,
				116D6AD11DD0AF0C005A82E4 /* WSSettings.m */,
			);
			path = "Web Spider";
			sourceTree = "<group>";
		};
		116D6AA21DD06B3C005A82E4 /* Supporting Files */ = {
			isa = PBXGroup;
			children = (
				116D6AA31DD06B3C005A82E4 /* main.m */,
			);
			name = "Supporting Files";
			sourceTree = "<group>";
		};
		116D6ABB1DD06B3D005A82E4 /* Web SpiderTests */ = {
			isa = PBXGroup;
			children = (
				116D6ABC1DD06B3D005A82E4 /* Web_SpiderTests.m */,
				116D6ABE1DD06B3D005A82E4 /* Info.plist */,
			);
			path = "Web SpiderTests";
			sourceTree = "<group>";
		};
/* End PBXGroup section */

/* Begin PBXNativeTarget section */
		116D6A9E1DD06B3C005A82E4 /* Web Spider */ = {
			isa = PBXNativeTarget;
			buildConfigurationList = 116D6AC11DD06B3D005A82E4 /* Build configuration list for PBXNativeTarget "Web Spider" */;
			buildPhases = (
				116D6A9B1DD06B3C005A82E4 /* Sources */,
				116D6A9C1DD06B3C005A82E4 /* Frameworks */,
				116D6A9D1DD06B3C005A82E4 /* Resources */,
			);
			buildRules = (
			);
			dependencies = (
			);
			name = "Web Spider";
			productName = "Web Spider";
			productReference = 116D6A9F1DD06B3C005A82E4 /* Web Spider.app */;
			productType = "com.apple.product-type.application";
		};
		116D6AB71DD06B3D005A82E4 /* Web SpiderTests */ = {
			isa = PBXNativeTarget;
			buildConfigurationList = 116D6AC41DD06B3D005A82E4 /* Build configuration list for PBXNativeTarget "Web SpiderTests" */;
			buildPhases = (
				116D6AB41DD06B3D005A82E4 /* Sources */,
				116D6AB51DD06B3D005A82E4 /* Frameworks */,
				116D6AB61DD06B3D005A82E4 /* Resources */,
			);
			buildRules = (
			);
			dependencies = (
				116D6ABA1DD06B3D005A82E4 /* PBXTargetDependency */,
			);
			name = "Web SpiderTests";
			productName = "Web SpiderTests";
			productReference = 116D6AB81DD06B3D005A82E4 /* Web SpiderTests.xctest */;
			productType = "com.apple.product-type.bundle.unit-test";
		};
/* End PBXNativeTarget section */

/* Begin PBXProject section */
		116D6A971DD06B3C005A82E4 /* Project object */ = {
			isa = PBXProject;
			attributes = {
				LastUpgradeCheck = 0800;
				ORGANIZATIONNAME = Home;
				TargetAttributes = {
					116D6A9E1DD06B3C005A82E4 = {
						CreatedOnToolsVersion = 8.0;
						ProvisioningStyle = Automatic;
					};
					116D6AB71DD06B3D005A82E4 = {
						CreatedOnToolsVersion = 8.0;
						ProvisioningStyle = Automatic;
						TestTargetID = 116D6A9E1DD06B3C005A82E4;
					};
				};
			};
			buildConfigurationList = 116D6A9A1DD06B3C005A82E4 /* Build configuration list for PBXProject "Web Spider" */;
			compatibilityVersion = "Xcode 3.2";
			developmentRegion = English;
			hasScannedForEncodings = 0;
			knownRegions = (
				en,
				Base,
			);
			mainGroup = 116D6A961DD06B3C005A82E4;
			productRefGroup = 116D6AA01DD06B3C005A82E4 /* Products */;
			projectDirPath = "";
			projectRoot = "";
			targets = (
				116D6A9E1DD06B3C005A82E4 /* Web Spider */,
				116D6AB71DD06B3D005A82E4 /* Web SpiderTests */,
			);
		};
/* End PBXProject section */

/* Begin PBXResourcesBuildPhase section */
		116D6A9D1DD06B3C005A82E4 /* Resources */ = {
			isa = PBXResourcesBuildPhase;
			buildActionMask = 2147483647;
			files = (
				116D6AB21DD06B3C005A82E4 /* LaunchScreen.storyboard in Resources */,
				116D6AAF1DD06B3C005A82E4 /* Assets.xcassets in Resources */,
				116D6AAD1DD06B3C005A82E4 /* Main.storyboard in Resources */,
			);
			runOnlyForDeploymentPostprocessing = 0;
		};
		116D6AB61DD06B3D005A82E4 /* Resources */ = {
			isa = PBXResourcesBuildPhase;
			buildActionMask = 2147483647;
			files = (
			);
			runOnlyForDeploymentPostprocessing = 0;
		};
/* End PBXResourcesBuildPhase section */

/* Begin PBXSourcesBuildPhase section */
		116D6A9B1DD06B3C005A82E4 /* Sources */ = {
			isa = PBXSourcesBuildPhase;
			buildActionMask = 2147483647;
			files = (
				116D6ACF1DD096AB005A82E4 /* WSRequestOperation.m in Sources */,
				116D6AC91DD06DA5005A82E4 /* WSSearchPageViewController.m in Sources */,
				116D6AA71DD06B3C005A82E4 /* AppDelegate.m in Sources */,
				116D6AA41DD06B3C005A82E4 /* main.m in Sources */,
				116D6AD21DD0AF0C005A82E4 /* WSSettings.m in Sources */,
				116D6ACC1DD07FC1005A82E4 /* WSURL.m in Sources */,
			);
			runOnlyForDeploymentPostprocessing = 0;
		};
		116D6AB41DD06B3D005A82E4 /* Sources */ = {
			isa = PBXSourcesBuildPhase;
			buildActionMask = 2147483647;
			files = (
				116D6ABD1DD06B3D005A82E4 /* Web_SpiderTests.m in Sources */,
			);
			runOnlyForDeploymentPostprocessing = 0;
		};
/* End PBXSourcesBuildPhase section */

/* Begin PBXTargetDependency section */
		116D6ABA1DD06B3D005A82E4 /* PBXTargetDependency */ = {
			isa = PBXTargetDependency;
			target = 116D6A9E1DD06B3C005A82E4 /* Web Spider */;
			targetProxy = 116D6AB91DD06B3D005A82E4 /* PBXContainerItemProxy */;
		};
/* End PBXTargetDependency section */

/* Begin PBXVariantGroup section */
		116D6AAB1DD06B3C005A82E4 /* Main.storyboard */ = {
			isa = PBXVariantGroup;
			children = (
				116D6AAC1DD06B3C005A82E4 /* Base */,
			);
			name = Main.storyboard;
			sourceTree = "<group>";
		};
		116D6AB01DD06B3C005A82E4 /* LaunchScreen.storyboard */ = {
			isa = PBXVariantGroup;
			children = (
				116D6AB11DD06B3C005A82E4 /* Base */,
			);
			name = LaunchScreen.storyboard;
			sourceTree = "<group>";
		};
/* End PBXVariantGroup section */

/* Begin XCBuildConfiguration section */
		116D6ABF1DD06B3D005A82E4 /* Debug */ = {
			isa = XCBuildConfiguration;
			buildSettings = {
				ALWAYS_SEARCH_USER_PATHS = NO;
				CLANG_ANALYZER_NONNULL = YES;
				CLANG_CXX_LANGUAGE_STANDARD = "gnu++0x";
				CLANG_CXX_LIBRARY = "libc++";
				CLANG_ENABLE_MODULES = YES;
				CLANG_ENABLE_OBJC_ARC = YES;
				CLANG_WARN_BOOL_CONVERSION = YES;
				CLANG_WARN_CONSTANT_CONVERSION = YES;
				CLANG_WARN_DIRECT_OBJC_ISA_USAGE = YES_ERROR;
				CLANG_WARN_DOCUMENTATION_COMMENTS = YES;
				CLANG_WARN_EMPTY_BODY = YES;
				CLANG_WARN_ENUM_CONVERSION = YES;
				CLANG_WARN_INFINITE_RECURSION = YES;
				CLANG_WARN_INT_CONVERSION = YES;
				CLANG_WARN_OBJC_ROOT_CLASS = YES_ERROR;
				CLANG_WARN_SUSPICIOUS_MOVES = YES;
				CLANG_WARN_UNREACHABLE_CODE = YES;
				CLANG_WARN__DUPLICATE_METHOD_MATCH = YES;
				"CODE_SIGN_IDENTITY[sdk=iphoneos*]" = "iPhone Developer";
				COPY_PHASE_STRIP = NO;
				DEBUG_INFORMATION_FORMAT = dwarf;
				ENABLE_STRICT_OBJC_MSGSEND = YES;
				ENABLE_TESTABILITY = YES;
				GCC_C_LANGUAGE_STANDARD = gnu99;
				GCC_DYNAMIC_NO_PIC = NO;
				GCC_NO_COMMON_BLOCKS = YES;
				GCC_OPTIMIZATION_LEVEL = 0;
				GCC_PREPROCESSOR_DEFINITIONS = (
					"DEBUG=1",
					"$(inherited)",
				);
				GCC_WARN_64_TO_32_BIT_CONVERSION = YES;
				GCC_WARN_ABOUT_RETURN_TYPE = YES_ERROR;
				GCC_WARN_UNDECLARED_SELECTOR = YES;
				GCC_WARN_UNINITIALIZED_AUTOS = YES_AGGRESSIVE;
				GCC_WARN_UNUSED_FUNCTION = YES;
				GCC_WARN_UNUSED_VARIABLE = YES;
				IPHONEOS_DEPLOYMENT_TARGET = 10.0;
				MTL_ENABLE_DEBUG_INFO = YES;
				ONLY_ACTIVE_ARCH = YES;
				SDKROOT = iphoneos;
				TARGETED_DEVICE_FAMILY = "1,2";
			};
			name = Debug;
		};
		116D6AC01DD06B3D005A82E4 /* Release */ = {
			isa = XCBuildConfiguration;
			buildSettings = {
				ALWAYS_SEARCH_USER_PATHS = NO;
				CLANG_ANALYZER_NONNULL = YES;
				CLANG_CXX_LANGUAGE_STANDARD = "gnu++0x";
				CLANG_CXX_LIBRARY = "libc++";
				CLANG_ENABLE_MODULES = YES;
				CLANG_ENABLE_OBJC_ARC = YES;
				CLANG_WARN_BOOL_CONVERSION = YES;
				CLANG_WARN_CONSTANT_CONVERSION = YES;
				CLANG_WARN_DIRECT_OBJC_ISA_USAGE = YES_ERROR;
				CLANG_WARN_DOCUMENTATION_COMMENTS = YES;
				CLANG_WARN_EMPTY_BODY = YES;
				CLANG_WARN_ENUM_CONVERSION = YES;
				CLANG_WARN_INFINITE_RECURSION = YES;
				CLANG_WARN_INT_CONVERSION = YES;
				CLANG_WARN_OBJC_ROOT_CLASS = YES_ERROR;
				CLANG_WARN_SUSPICIOUS_MOVES = YES;
				CLANG_WARN_UNREACHABLE_CODE = YES;
				CLANG_WARN__DUPLICATE_METHOD_MATCH = YES;
				"CODE_SIGN_IDENTITY[sdk=iphoneos*]" = "iPhone Developer";
				COPY_PHASE_STRIP = NO;
				DEBUG_INFORMATION_FORMAT = "dwarf-with-dsym";
				ENABLE_NS_ASSERTIONS = NO;
				ENABLE_STRICT_OBJC_MSGSEND = YES;
				GCC_C_LANGUAGE_STANDARD = gnu99;
				GCC_NO_COMMON_BLOCKS = YES;
				GCC_WARN_64_TO_32_BIT_CONVERSION = YES;
				GCC_WARN_ABOUT_RETURN_TYPE = YES_ERROR;
				GCC_WARN_UNDECLARED_SELECTOR = YES;
				GCC_WARN_UNINITIALIZED_AUTOS = YES_AGGRESSIVE;
				GCC_WARN_UNUSED_FUNCTION = YES;
				GCC_WARN_UNUSED_VARIABLE = YES;
				IPHONEOS_DEPLOYMENT_TARGET = 10.0;
				MTL_ENABLE_DEBUG_INFO = NO;
				SDKROOT = iphoneos;
				TARGETED_DEVICE_FAMILY = "1,2";
				VALIDATE_PRODUCT = YES;
			};
			name = Release;
		};
		116D6AC21DD06B3D005A82E4 /* Debug */ = {
			isa = XCBuildConfiguration;
			buildSettings = {
				ASSETCATALOG_COMPILER_APPICON_NAME = AppIcon;
				INFOPLIST_FILE = "Web Spider/Info.plist";
				LD_RUNPATH_SEARCH_PATHS = "$(inherited) @executable_path/Frameworks";
				PRODUCT_BUNDLE_IDENTIFIER = "com.exs.application.Web-Spider";
				PRODUCT_NAME = "$(TARGET_NAME)";
			};
			name = Debug;
		};
		116D6AC31DD06B3D005A82E4 /* Release */ = {
			isa = XCBuildConfiguration;
			buildSettings = {
				ASSETCATALOG_COMPILER_APPICON_NAME = AppIcon;
				INFOPLIST_FILE = "Web Spider/Info.plist";
				LD_RUNPATH_SEARCH_PATHS = "$(inherited) @executable_path/Frameworks";
				PRODUCT_BUNDLE_IDENTIFIER = "com.exs.application.Web-Spider";
				PRODUCT_NAME = "$(TARGET_NAME)";
			};
			name = Release;
		};
		116D6AC51DD06B3D005A82E4 /* Debug */ = {
			isa = XCBuildConfiguration;
			buildSettings = {
				BUNDLE_LOADER = "$(TEST_HOST)";
				INFOPLIST_FILE = "Web SpiderTests/Info.plist";
				LD_RUNPATH_SEARCH_PATHS = "$(inherited) @executable_path/Frameworks @loader_path/Frameworks";
				PRODUCT_BUNDLE_IDENTIFIER = "com.exs.application.Web-SpiderTests";
				PRODUCT_NAME = "$(TARGET_NAME)";
				TEST_HOST = "$(BUILT_PRODUCTS_DIR)/Web Spider.app/Web Spider";
			};
			name = Debug;
		};
		116D6AC61DD06B3D005A82E4 /* Release */ = {
			isa = XCBuildConfiguration;
			buildSettings = {
				BUNDLE_LOADER = "$(TEST_HOST)";
				INFOPLIST_FILE = "Web SpiderTests/Info.plist";
				LD_RUNPATH_SEARCH_PATHS = "$(inherited) @executable_path/Frameworks @loader_path/Frameworks";
				PRODUCT_BUNDLE_IDENTIFIER = "com.exs.application.Web-SpiderTests";
				PRODUCT_NAME = "$(TARGET_NAME)";
				TEST_HOST = "$(BUILT_PRODUCTS_DIR)/Web Spider.app/Web Spider";
			};
			name = Release;
		};
/* End XCBuildConfiguration section */

/* Begin XCConfigurationList section */
		116D6A9A1DD06B3C005A82E4 /* Build configuration list for PBXProject "Web Spider" */ = {
			isa = XCConfigurationList;
			buildConfigurations = (
				116D6ABF1DD06B3D005A82E4 /* Debug */,
				116D6AC01DD06B3D005A82E4 /* Release */,
			);
			defaultConfigurationIsVisible = 0;
			defaultConfigurationName = Release;
		};
		116D6AC11DD06B3D005A82E4 /* Build configuration list for PBXNativeTarget "Web Spider" */ = {
			isa = XCConfigurationList;
			buildConfigurations = (
				116D6AC21DD06B3D005A82E4 /* Debug */,
				116D6AC31DD06B3D005A82E4 /* Release */,
			);
			defaultConfigurationIsVisible = 0;
		};
		116D6AC41DD06B3D005A82E4 /* Build configuration list for PBXNativeTarget "Web SpiderTests" */ = {
			isa = XCConfigurationList;
			buildConfigurations = (
				116D6AC51DD06B3D005A82E4 /* Debug */,
				116D6AC61DD06B3D005A82E4 /* Release */,
			);
			defaultConfigurationIsVisible = 0;
		};
/* End XCConfigurationList section */
	};
	rootObject = 116D6A971DD06B3C005A82E4 /* Project object */;
}
